
Microsoft Visual Studio Solution File, Format Version 12.00
# Visual Studio 15
Project("{FAE04EC0-301F-11D3-BF4B-00C04F79EFBC}") = "Assembly-CSharp", "Assembly-CSharp.csproj", "{3C2C50F0-217A-7145-7FE0-318C497A8E97}"
EndProject
Project("{FAE04EC0-301F-11D3-BF4B-00C04F79EFBC}") = "Assembly-CSharp-firstpass", "Assembly-CSharp-firstpass.csproj", "{D5BB18B5-D4EA-E9E9-6AAA-785E119B5F78}"
EndProject
Project("{FAE04EC0-301F-11D3-BF4B-00C04F79EFBC}") = "Assembly-CSharp-Editor-firstpass", "Assembly-CSharp-Editor-firstpass.csproj", "{1B03DA4E-3004-10E9-6A2C-8863BED45CD0}"
EndProject
Global
	GlobalSection(SolutionConfigurationPlatforms) = preSolution
		Debug|Any CPU = Debug|Any CPU
		Release|Any CPU = Release|Any CPU
	EndGlobalSection
	GlobalSection(ProjectConfigurationPlatforms) = postSolution
		{3C2C50F0-217A-7145-7FE0-318C497A8E97}.Debug|Any CPU.ActiveCfg = Debug|Any CPU
		{3C2C50F0-217A-7145-7FE0-318C497A8E97}.Debug|Any CPU.Build.0 = Debug|Any CPU
		{3C2C50F0-217A-7145-7FE0-318C497A8E97}.Release|Any CPU.ActiveCfg = Release|Any CPU
		{3C2C50F0-217A-7145-7FE0-318C497A8E97}.Release|Any CPU.Build.0 = Release|Any CPU
		{D5BB18B5-D4EA-E9E9-6AAA-785E119B5F78}.Debug|Any CPU.ActiveCfg = Debug|Any CPU
		{D5BB18B5-D4EA-E9E9-6AAA-785E119B5F78}.Debug|Any CPU.Build.0 = Debug|Any CPU
		{D5BB18B5-D4EA-E9E9-6AAA-785E119B5F78}.Release|Any CPU.ActiveCfg = Release|Any CPU
		{D5BB18B5-D4EA-E9E9-6AAA-785E119B5F78}.Release|Any CPU.Build.0 = Release|Any CPU
		{1B03DA4E-3004-10E9-6A2C-8863BED45CD0}.Debug|Any CPU.ActiveCfg = Debug|Any CPU
		{1B03DA4E-3004-10E9-6A2C-8863BED45CD0}.Debug|Any CPU.Build.0 = Debug|Any CPU
		{1B03DA4E-3004-10E9-6A2C-8863BED45CD0}.Release|Any CPU.ActiveCfg = Release|Any CPU
		{1B03DA4E-3004-10E9-6A2C-8863BED45CD0}.Release|Any CPU.Build.0 = Release|Any CPU
	EndGlobalSection
	GlobalSection(SolutionProperties) = preSolution
		HideSolutionNode = FALSE
	EndGlobalSection
	GlobalSection(MonoDevelopProperties) = preSolution
		StartupItem = Assembly-CSharp.csproj
	EndGlobalSection
EndGlobal
